// !$*UTF8*$!
{
	archiveVersion = 1;
	classes = {
	};
	objectVersion = 56;
	objects = {

/* Begin PBXBuildFile section */
		C95A243D29DCB36A00E318DC /* PillReminderViewApp.swift in Sources */ = {isa = PBXBuildFile; fileRef = C95A243C29DCB36A00E318DC /* PillReminderViewApp.swift */; };
		C95A243F29DCB36A00E318DC /* ContentView.swift in Sources */ = {isa = PBXBuildFile; fileRef = C95A243E29DCB36A00E318DC /* ContentView.swift */; };
		C95A244129DCB36C00E318DC /* Assets.xcassets in Resources */ = {isa = PBXBuildFile; fileRef = C95A244029DCB36C00E318DC /* Assets.xcassets */; };
		C95A244429DCB36C00E318DC /* Preview Assets.xcassets in Resources */ = {isa = PBXBuildFile; fileRef = C95A244329DCB36C00E318DC /* Preview Assets.xcassets */; };
		C95A244E29DCB36C00E318DC /* PillReminderViewTests.swift in Sources */ = {isa = PBXBuildFile; fileRef = C95A244D29DCB36C00E318DC /* PillReminderViewTests.swift */; };
		C95A245829DCB36C00E318DC /* PillReminderViewUITests.swift in Sources */ = {isa = PBXBuildFile; fileRef = C95A245729DCB36C00E318DC /* PillReminderViewUITests.swift */; };
		C95A245A29DCB36C00E318DC /* PillReminderViewUITestsLaunchTests.swift in Sources */ = {isa = PBXBuildFile; fileRef = C95A245929DCB36C00E318DC /* PillReminderViewUITestsLaunchTests.swift */; };
		C95A246729DCBB6700E318DC /* AddPillView.swift in Sources */ = {isa = PBXBuildFile; fileRef = C95A246629DCBB6600E318DC /* AddPillView.swift */; };
/* End PBXBuildFile section */

/* Begin PBXContainerItemProxy section */
		C95A244A29DCB36C00E318DC /* PBXContainerItemProxy */ = {
			isa = PBXContainerItemProxy;
			containerPortal = C95A243129DCB36A00E318DC /* Project object */;
			proxyType = 1;
			remoteGlobalIDString = C95A243829DCB36A00E318DC;
			remoteInfo = PillReminderView;
		};
		C95A245429DCB36C00E318DC /* PBXContainerItemProxy */ = {
			isa = PBXContainerItemProxy;
			containerPortal = C95A243129DCB36A00E318DC /* Project object */;
			proxyType = 1;
			remoteGlobalIDString = C95A243829DCB36A00E318DC;
			remoteInfo = PillReminderView;
		};
/* End PBXContainerItemProxy section */

/* Begin PBXFileReference section */
		C95A243929DCB36A00E318DC /* PillReminderView.app */ = {isa = PBXFileReference; explicitFileType = wrapper.application; includeInIndex = 0; path = PillReminderView.app; sourceTree = BUILT_PRODUCTS_DIR; };
		C95A243C29DCB36A00E318DC /* PillReminderViewApp.swift */ = {isa = PBXFileReference; lastKnownFileType = sourcecode.swift; path = PillReminderViewApp.swift; sourceTree = "<group>"; };
		C95A243E29DCB36A00E318DC /* ContentView.swift */ = {isa = PBXFileReference; lastKnownFileType = sourcecode.swift; path = ContentView.swift; sourceTree = "<group>"; };
		C95A244029DCB36C00E318DC /* Assets.xcassets */ = {isa = PBXFileReference; lastKnownFileType = folder.assetcatalog; path = Assets.xcassets; sourceTree = "<group>"; };
		C95A244329DCB36C00E318DC /* Preview Assets.xcassets */ = {isa = PBXFileReference; lastKnownFileType = folder.assetcatalog; path = "Preview Assets.xcassets"; sourceTree = "<group>"; };
		C95A244929DCB36C00E318DC /* PillReminderViewTests.xctest */ = {isa = PBXFileReference; explicitFileType = wrapper.cfbundle; includeInIndex = 0; path = PillReminderViewTests.xctest; sourceTree = BUILT_PRODUCTS_DIR; };
		C95A244D29DCB36C00E318DC /* PillReminderViewTests.swift */ = {isa = PBXFileReference; lastKnownFileType = sourcecode.swift; path = PillReminderViewTests.swift; sourceTree = "<group>"; };
		C95A245329DCB36C00E318DC /* PillReminderViewUITests.xctest */ = {isa = PBXFileReference; explicitFileType = wrapper.cfbundle; includeInIndex = 0; path = PillReminderViewUITests.xctest; sourceTree = BUILT_PRODUCTS_DIR; };
		C95A245729DCB36C00E318DC /* PillReminderViewUITests.swift */ = {isa = PBXFileReference; lastKnownFileType = sourcecode.swift; path = PillReminderViewUITests.swift; sourceTree = "<group>"; };
		C95A245929DCB36C00E318DC /* PillReminderViewUITestsLaunchTests.swift */ = {isa = PBXFileReference; lastKnownFileType = sourcecode.swift; path = PillReminderViewUITestsLaunchTests.swift; sourceTree = "<group>"; };
		C95A246629DCBB6600E318DC /* AddPillView.swift */ = {isa = PBXFileReference; lastKnownFileType = sourcecode.swift; path = AddPillView.swift; sourceTree = "<group>"; };
/* End PBXFileReference section */

/* Begin PBXFrameworksBuildPhase section */
		C95A243629DCB36A00E318DC /* Frameworks */ = {
			isa = PBXFrameworksBuildPhase;
			buildActionMask = 2147483647;
			files = (
			);
			runOnlyForDeploymentPostprocessing = 0;
		};
		C95A244629DCB36C00E318DC /* Frameworks */ = {
			isa = PBXFrameworksBuildPhase;
			buildActionMask = 2147483647;
			files = (
			);
			runOnlyForDeploymentPostprocessing = 0;
		};
		C95A245029DCB36C00E318DC /* Frameworks */ = {
			isa = PBXFrameworksBuildPhase;
			buildActionMask = 2147483647;
			files = (
			);
			runOnlyForDeploymentPostprocessing = 0;
		};
/* End PBXFrameworksBuildPhase section */

/* Begin PBXGroup section */
		C95A243029DCB36A00E318DC = {
			isa = PBXGroup;
			children = (
				C95A243B29DCB36A00E318DC /* PillReminderView */,
				C95A244C29DCB36C00E318DC /* PillReminderViewTests */,
				C95A245629DCB36C00E318DC /* PillReminderViewUITests */,
				C95A243A29DCB36A00E318DC /* Products */,
			);
			sourceTree = "<group>";
		};
		C95A243A29DCB36A00E318DC /* Products */ = {
			isa = PBXGroup;
			children = (
				C95A243929DCB36A00E318DC /* PillReminderView.app */,
				C95A244929DCB36C00E318DC /* PillReminderViewTests.xctest */,
				C95A245329DCB36C00E318DC /* PillReminderViewUITests.xctest */,
			);
			name = Products;
			sourceTree = "<group>";
		};
		C95A243B29DCB36A00E318DC /* PillReminderView */ = {
			isa = PBXGroup;
			children = (
				C95A246629DCBB6600E318DC /* AddPillView.swift */,
				C95A243C29DCB36A00E318DC /* PillReminderViewApp.swift */,
				C95A243E29DCB36A00E318DC /* ContentView.swift */,
				C95A244029DCB36C00E318DC /* Assets.xcassets */,
				C95A244229DCB36C00E318DC /* Preview Content */,
			);
			path = PillReminderView;
			sourceTree = "<group>";
		};
		C95A244229DCB36C00E318DC /* Preview Content */ = {
			isa = PBXGroup;
			children = (
				C95A244329DCB36C00E318DC /* Preview Assets.xcassets */,
			);
			path = "Preview Content";
			sourceTree = "<group>";
		};
		C95A244C29DCB36C00E318DC /* PillReminderViewTests */ = {
			isa = PBXGroup;
			children = (
				C95A244D29DCB36C00E318DC /* PillReminderViewTests.swift */,
			);
			path = PillReminderViewTests;
			sourceTree = "<group>";
		};
		C95A245629DCB36C00E318DC /* PillReminderViewUITests */ = {
			isa = PBXGroup;
			children = (
				C95A245729DCB36C00E318DC /* PillReminderViewUITests.swift */,
				C95A245929DCB36C00E318DC /* PillReminderViewUITestsLaunchTests.swift */,
			);
			path = PillReminderViewUITests;
			sourceTree = "<group>";
		};
/* End PBXGroup section */

/* Begin PBXNativeTarget section */
		C95A243829DCB36A00E318DC /* PillReminderView */ = {
			isa = PBXNativeTarget;
			buildConfigurationList = C95A245D29DCB36C00E318DC /* Build configuration list for PBXNativeTarget "PillReminderView" */;
			buildPhases = (
				C95A243529DCB36A00E318DC /* Sources */,
				C95A243629DCB36A00E318DC /* Frameworks */,
				C95A243729DCB36A00E318DC /* Resources */,
			);
			buildRules = (
			);
			dependencies = (
			);
			name = PillReminderView;
			productName = PillReminderView;
			productReference = C95A243929DCB36A00E318DC /* PillReminderView.app */;
			productType = "com.apple.product-type.application";
		};
		C95A244829DCB36C00E318DC /* PillReminderViewTests */ = {
			isa = PBXNativeTarget;
			buildConfigurationList = C95A246029DCB36C00E318DC /* Build configuration list for PBXNativeTarget "PillReminderViewTests" */;
			buildPhases = (
				C95A244529DCB36C00E318DC /* Sources */,
				C95A244629DCB36C00E318DC /* Frameworks */,
				C95A244729DCB36C00E318DC /* Resources */,
			);
			buildRules = (
			);
			dependencies = (
				C95A244B29DCB36C00E318DC /* PBXTargetDependency */,
			);
			name = PillReminderViewTests;
			productName = PillReminderViewTests;
			productReference = C95A244929DCB36C00E318DC /* PillReminderViewTests.xctest */;
			productType = "com.apple.product-type.bundle.unit-test";
		};
		C95A245229DCB36C00E318DC /* PillReminderViewUITests */ = {
			isa = PBXNativeTarget;
			buildConfigurationList = C95A246329DCB36C00E318DC /* Build configuration list for PBXNativeTarget "PillReminderViewUITests" */;
			buildPhases = (
				C95A244F29DCB36C00E318DC /* Sources */,
				C95A245029DCB36C00E318DC /* Frameworks */,
				C95A245129DCB36C00E318DC /* Resources */,
			);
			buildRules = (
			);
			dependencies = (
				C95A245529DCB36C00E318DC /* PBXTargetDependency */,
			);
			name = PillReminderViewUITests;
			productName = PillReminderViewUITests;
			productReference = C95A245329DCB36C00E318DC /* PillReminderViewUITests.xctest */;
			productType = "com.apple.product-type.bundle.ui-testing";
		};
/* End PBXNativeTarget section */

/* Begin PBXProject section */
		C95A243129DCB36A00E318DC /* Project object */ = {
			isa = PBXProject;
			attributes = {
				BuildIndependentTargetsInParallel = 1;
				LastSwiftUpdateCheck = 1420;
				LastUpgradeCheck = 1420;
				TargetAttributes = {
					C95A243829DCB36A00E318DC = {
						CreatedOnToolsVersion = 14.2;
					};
					C95A244829DCB36C00E318DC = {
						CreatedOnToolsVersion = 14.2;
						TestTargetID = C95A243829DCB36A00E318DC;
					};
					C95A245229DCB36C00E318DC = {
						CreatedOnToolsVersion = 14.2;
						TestTargetID = C95A243829DCB36A00E318DC;
					};
				};
			};
			buildConfigurationList = C95A243429DCB36A00E318DC /* Build configuration list for PBXProject "PillReminderView" */;
			compatibilityVersion = "Xcode 14.0";
			developmentRegion = en;
			hasScannedForEncodings = 0;
			knownRegions = (
				en,
				Base,
			);
			mainGroup = C95A243029DCB36A00E318DC;
			productRefGroup = C95A243A29DCB36A00E318DC /* Products */;
			projectDirPath = "";
			projectRoot = "";
			targets = (
				C95A243829DCB36A00E318DC /* PillReminderView */,
				C95A244829DCB36C00E318DC /* PillReminderViewTests */,
				C95A245229DCB36C00E318DC /* PillReminderViewUITests */,
			);
		};
/* End PBXProject section */

/* Begin PBXResourcesBuildPhase section */
		C95A243729DCB36A00E318DC /* Resources */ = {
			isa = PBXResourcesBuildPhase;
			buildActionMask = 2147483647;
			files = (
				C95A244429DCB36C00E318DC /* Preview Assets.xcassets in Resources */,
				C95A244129DCB36C00E318DC /* Assets.xcassets in Resources */,
			);
			runOnlyForDeploymentPostprocessing = 0;
		};
		C95A244729DCB36C00E318DC /* Resources */ = {
			isa = PBXResourcesBuildPhase;
			buildActionMask = 2147483647;
			files = (
			);
			runOnlyForDeploymentPostprocessing = 0;
		};
		C95A245129DCB36C00E318DC /* Resources */ = {
			isa = PBXResourcesBuildPhase;
			buildActionMask = 2147483647;
			files = (
			);
			runOnlyForDeploymentPostprocessing = 0;
		};
/* End PBXResourcesBuildPhase section */

/* Begin PBXSourcesBuildPhase section */
		C95A243529DCB36A00E318DC /* Sources */ = {
			isa = PBXSourcesBuildPhase;
			buildActionMask = 2147483647;
			files = (
				C95A243F29DCB36A00E318DC /* ContentView.swift in Sources */,
				C95A246729DCBB6700E318DC /* AddPillView.swift in Sources */,
				C95A243D29DCB36A00E318DC /* PillReminderViewApp.swift in Sources */,
			);
			runOnlyForDeploymentPostprocessing = 0;
		};
		C95A244529DCB36C00E318DC /* Sources */ = {
			isa = PBXSourcesBuildPhase;
			buildActionMask = 2147483647;
			files = (
				C95A244E29DCB36C00E318DC /* PillReminderViewTests.swift in Sources */,
			);
			runOnlyForDeploymentPostprocessing = 0;
		};
		C95A244F29DCB36C00E318DC /* Sources */ = {
			isa = PBXSourcesBuildPhase;
			buildActionMask = 2147483647;
			files = (
				C95A245A29DCB36C00E318DC /* PillReminderViewUITestsLaunchTests.swift in Sources */,
				C95A245829DCB36C00E318DC /* PillReminderViewUITests.swift in Sources */,
			);
			runOnlyForDeploymentPostprocessing = 0;
		};
/* End PBXSourcesBuildPhase section */

/* Begin PBXTargetDependency section */
		C95A244B29DCB36C00E318DC /* PBXTargetDependency */ = {
			isa = PBXTargetDependency;
			target = C95A243829DCB36A00E318DC /* PillReminderView */;
			targetProxy = C95A244A29DCB36C00E318DC /* PBXContainerItemProxy */;
		};
		C95A245529DCB36C00E318DC /* PBXTargetDependency */ = {
			isa = PBXTargetDependency;
			target = C95A243829DCB36A00E318DC /* PillReminderView */;
			targetProxy = C95A245429DCB36C00E318DC /* PBXContainerItemProxy */;
		};
/* End PBXTargetDependency section */

/* Begin XCBuildConfiguration section */
		C95A245B29DCB36C00E318DC /* Debug */ = {
			isa = XCBuildConfiguration;
			buildSettings = {
				ALWAYS_SEARCH_USER_PATHS = NO;
				CLANG_ANALYZER_NONNULL = YES;
				CLANG_ANALYZER_NUMBER_OBJECT_CONVERSION = YES_AGGRESSIVE;
				CLANG_CXX_LANGUAGE_STANDARD = "gnu++20";
				CLANG_ENABLE_MODULES = YES;
				CLANG_ENABLE_OBJC_ARC = YES;
				CLANG_ENABLE_OBJC_WEAK = YES;
				CLANG_WARN_BLOCK_CAPTURE_AUTORELEASING = YES;
				CLANG_WARN_BOOL_CONVERSION = YES;
				CLANG_WARN_COMMA = YES;
				CLANG_WARN_CONSTANT_CONVERSION = YES;
				CLANG_WARN_DEPRECATED_OBJC_IMPLEMENTATIONS = YES;
				CLANG_WARN_DIRECT_OBJC_ISA_USAGE = YES_ERROR;
				CLANG_WARN_DOCUMENTATION_COMMENTS = YES;
				CLANG_WARN_EMPTY_BODY = YES;
				CLANG_WARN_ENUM_CONVERSION = YES;
				CLANG_WARN_INFINITE_RECURSION = YES;
				CLANG_WARN_INT_CONVERSION = YES;
				CLANG_WARN_NON_LITERAL_NULL_CONVERSION = YES;
				CLANG_WARN_OBJC_IMPLICIT_RETAIN_SELF = YES;
				CLANG_WARN_OBJC_LITERAL_CONVERSION = YES;
				CLANG_WARN_OBJC_ROOT_CLASS = YES_ERROR;
				CLANG_WARN_QUOTED_INCLUDE_IN_FRAMEWORK_HEADER = YES;
				CLANG_WARN_RANGE_LOOP_ANALYSIS = YES;
				CLANG_WARN_STRICT_PROTOTYPES = YES;
				CLANG_WARN_SUSPICIOUS_MOVE = YES;
				CLANG_WARN_UNGUARDED_AVAILABILITY = YES_AGGRESSIVE;
				CLANG_WARN_UNREACHABLE_CODE = YES;
				CLANG_WARN__DUPLICATE_METHOD_MATCH = YES;
				COPY_PHASE_STRIP = NO;
				DEBUG_INFORMATION_FORMAT = dwarf;
				ENABLE_STRICT_OBJC_MSGSEND = YES;
				ENABLE_TESTABILITY = YES;
				GCC_C_LANGUAGE_STANDARD = gnu11;
				GCC_DYNAMIC_NO_PIC = NO;
				GCC_NO_COMMON_BLOCKS = YES;
				GCC_OPTIMIZATION_LEVEL = 0;
				GCC_PREPROCESSOR_DEFINITIONS = (
					"DEBUG=1",
					"$(inherited)",
				);
				GCC_WARN_64_TO_32_BIT_CONVERSION = YES;
				GCC_WARN_ABOUT_RETURN_TYPE = YES_ERROR;
				GCC_WARN_UNDECLARED_SELECTOR = YES;
				GCC_WARN_UNINITIALIZED_AUTOS = YES_AGGRESSIVE;
				GCC_WARN_UNUSED_FUNCTION = YES;
				GCC_WARN_UNUSED_VARIABLE = YES;
				IPHONEOS_DEPLOYMENT_TARGET = 16.2;
				MTL_ENABLE_DEBUG_INFO = INCLUDE_SOURCE;
				MTL_FAST_MATH = YES;
				ONLY_ACTIVE_ARCH = YES;
				SDKROOT = iphoneos;
				SWIFT_ACTIVE_COMPILATION_CONDITIONS = DEBUG;
				SWIFT_OPTIMIZATION_LEVEL = "-Onone";
			};
			name = Debug;
		};
		C95A245C29DCB36C00E318DC /* Release */ = {
			isa = XCBuildConfiguration;
			buildSettings = {
				ALWAYS_SEARCH_USER_PATHS = NO;
				CLANG_ANALYZER_NONNULL = YES;
				CLANG_ANALYZER_NUMBER_OBJECT_CONVERSION = YES_AGGRESSIVE;
				CLANG_CXX_LANGUAGE_STANDARD = "gnu++20";
				CLANG_ENABLE_MODULES = YES;
				CLANG_ENABLE_OBJC_ARC = YES;
				CLANG_ENABLE_OBJC_WEAK = YES;
				CLANG_WARN_BLOCK_CAPTURE_AUTORELEASING = YES;
				CLANG_WARN_BOOL_CONVERSION = YES;
				CLANG_WARN_COMMA = YES;
				CLANG_WARN_CONSTANT_CONVERSION = YES;
				CLANG_WARN_DEPRECATED_OBJC_IMPLEMENTATIONS = YES;
				CLANG_WARN_DIRECT_OBJC_ISA_USAGE = YES_ERROR;
				CLANG_WARN_DOCUMENTATION_COMMENTS = YES;
				CLANG_WARN_EMPTY_BODY = YES;
				CLANG_WARN_ENUM_CONVERSION = YES;
				CLANG_WARN_INFINITE_RECURSION = YES;
				CLANG_WARN_INT_CONVERSION = YES;
				CLANG_WARN_NON_LITERAL_NULL_CONVERSION = YES;
				CLANG_WARN_OBJC_IMPLICIT_RETAIN_SELF = YES;
				CLANG_WARN_OBJC_LITERAL_CONVERSION = YES;
				CLANG_WARN_OBJC_ROOT_CLASS = YES_ERROR;
				CLANG_WARN_QUOTED_INCLUDE_IN_FRAMEWORK_HEADER = YES;
				CLANG_WARN_RANGE_LOOP_ANALYSIS = YES;
				CLANG_WARN_STRICT_PROTOTYPES = YES;
				CLANG_WARN_SUSPICIOUS_MOVE = YES;
				CLANG_WARN_UNGUARDED_AVAILABILITY = YES_AGGRESSIVE;
				CLANG_WARN_UNREACHABLE_CODE = YES;
				CLANG_WARN__DUPLICATE_METHOD_MATCH = YES;
				COPY_PHASE_STRIP = NO;
				DEBUG_INFORMATION_FORMAT = "dwarf-with-dsym";
				ENABLE_NS_ASSERTIONS = NO;
				ENABLE_STRICT_OBJC_MSGSEND = YES;
				GCC_C_LANGUAGE_STANDARD = gnu11;
				GCC_NO_COMMON_BLOCKS = YES;
				GCC_WARN_64_TO_32_BIT_CONVERSION = YES;
				GCC_WARN_ABOUT_RETURN_TYPE = YES_ERROR;
				GCC_WARN_UNDECLARED_SELECTOR = YES;
				GCC_WARN_UNINITIALIZED_AUTOS = YES_AGGRESSIVE;
				GCC_WARN_UNUSED_FUNCTION = YES;
				GCC_WARN_UNUSED_VARIABLE = YES;
				IPHONEOS_DEPLOYMENT_TARGET = 16.2;
				MTL_ENABLE_DEBUG_INFO = NO;
				MTL_FAST_MATH = YES;
				SDKROOT = iphoneos;
				SWIFT_COMPILATION_MODE = wholemodule;
				SWIFT_OPTIMIZATION_LEVEL = "-O";
				VALIDATE_PRODUCT = YES;
			};
			name = Release;
		};
		C95A245E29DCB36C00E318DC /* Debug */ = {
			isa = XCBuildConfiguration;
			buildSettings = {
				ASSETCATALOG_COMPILER_APPICON_NAME = AppIcon;
				ASSETCATALOG_COMPILER_GLOBAL_ACCENT_COLOR_NAME = AccentColor;
				CODE_SIGN_STYLE = Automatic;
				CURRENT_PROJECT_VERSION = 1;
				DEVELOPMENT_ASSET_PATHS = "\"PillReminderView/Preview Content\"";
				DEVELOPMENT_TEAM = 8DL4P63RSM;
				ENABLE_PREVIEWS = YES;
				GENERATE_INFOPLIST_FILE = YES;
				INFOPLIST_KEY_UIApplicationSceneManifest_Generation = YES;
				INFOPLIST_KEY_UIApplicationSupportsIndirectInputEvents = YES;
				INFOPLIST_KEY_UILaunchScreen_Generation = YES;
				INFOPLIST_KEY_UISupportedInterfaceOrientations_iPad = "UIInterfaceOrientationPortrait UIInterfaceOrientationPortraitUpsideDown UIInterfaceOrientationLandscapeLeft UIInterfaceOrientationLandscapeRight";
				INFOPLIST_KEY_UISupportedInterfaceOrientations_iPhone = "UIInterfaceOrientationPortrait UIInterfaceOrientationLandscapeLeft UIInterfaceOrientationLandscapeRight";
				LD_RUNPATH_SEARCH_PATHS = (
					"$(inherited)",
					"@executable_path/Frameworks",
				);
				MARKETING_VERSION = 1.0;
				PRODUCT_BUNDLE_IDENTIFIER = Narada.PillReminderView;
				PRODUCT_NAME = "$(TARGET_NAME)";
				SWIFT_EMIT_LOC_STRINGS = YES;
				SWIFT_VERSION = 5.0;
				TARGETED_DEVICE_FAMILY = "1,2";
			};
			name = Debug;
		};
		C95A245F29DCB36C00E318DC /* Release */ = {
			isa = XCBuildConfiguration;
			buildSettings = {
				ASSETCATALOG_COMPILER_APPICON_NAME = AppIcon;
				ASSETCATALOG_COMPILER_GLOBAL_ACCENT_COLOR_NAME = AccentColor;
				CODE_SIGN_STYLE = Automatic;
				CURRENT_PROJECT_VERSION = 1;
				DEVELOPMENT_ASSET_PATHS = "\"PillReminderView/Preview Content\"";
				DEVELOPMENT_TEAM = 8DL4P63RSM;
				ENABLE_PREVIEWS = YES;
				GENERATE_INFOPLIST_FILE = YES;
				INFOPLIST_KEY_UIApplicationSceneManifest_Generation = YES;
				INFOPLIST_KEY_UIApplicationSupportsIndirectInputEvents = YES;
				INFOPLIST_KEY_UILaunchScreen_Generation = YES;
				INFOPLIST_KEY_UISupportedInterfaceOrientations_iPad = "UIInterfaceOrientationPortrait UIInterfaceOrientationPortraitUpsideDown UIInterfaceOrientationLandscapeLeft UIInterfaceOrientationLandscapeRight";
				INFOPLIST_KEY_UISupportedInterfaceOrientations_iPhone = "UIInterfaceOrientationPortrait UIInterfaceOrientationLandscapeLeft UIInterfaceOrientationLandscapeRight";
				LD_RUNPATH_SEARCH_PATHS = (
					"$(inherited)",
					"@executable_path/Frameworks",
				);
				MARKETING_VERSION = 1.0;
				PRODUCT_BUNDLE_IDENTIFIER = Narada.PillReminderView;
				PRODUCT_NAME = "$(TARGET_NAME)";
				SWIFT_EMIT_LOC_STRINGS = YES;
				SWIFT_VERSION = 5.0;
				TARGETED_DEVICE_FAMILY = "1,2";
			};
			name = Release;
		};
		C95A246129DCB36C00E318DC /* Debug */ = {
			isa = XCBuildConfiguration;
			buildSettings = {
				ALWAYS_EMBED_SWIFT_STANDARD_LIBRARIES = YES;
				BUNDLE_LOADER = "$(TEST_HOST)";
				CODE_SIGN_STYLE = Automatic;
				CURRENT_PROJECT_VERSION = 1;
				DEVELOPMENT_TEAM = 8DL4P63RSM;
				GENERATE_INFOPLIST_FILE = YES;
				IPHONEOS_DEPLOYMENT_TARGET = 16.2;
				MARKETING_VERSION = 1.0;
				PRODUCT_BUNDLE_IDENTIFIER = Narada.PillReminderViewTests;
				PRODUCT_NAME = "$(TARGET_NAME)";
				SWIFT_EMIT_LOC_STRINGS = NO;
				SWIFT_VERSION = 5.0;
				TARGETED_DEVICE_FAMILY = "1,2";
				TEST_HOST = "$(BUILT_PRODUCTS_DIR)/PillReminderView.app/$(BUNDLE_EXECUTABLE_FOLDER_PATH)/PillReminderView";
			};
			name = Debug;
		};
		C95A246229DCB36C00E318DC /* Release */ = {
			isa = XCBuildConfiguration;
			buildSettings = {
				ALWAYS_EMBED_SWIFT_STANDARD_LIBRARIES = YES;
				BUNDLE_LOADER = "$(TEST_HOST)";
				CODE_SIGN_STYLE = Automatic;
				CURRENT_PROJECT_VERSION = 1;
				DEVELOPMENT_TEAM = 8DL4P63RSM;
				GENERATE_INFOPLIST_FILE = YES;
				IPHONEOS_DEPLOYMENT_TARGET = 16.2;
				MARKETING_VERSION = 1.0;
				PRODUCT_BUNDLE_IDENTIFIER = Narada.PillReminderViewTests;
				PRODUCT_NAME = "$(TARGET_NAME)";
				SWIFT_EMIT_LOC_STRINGS = NO;
				SWIFT_VERSION = 5.0;
				TARGETED_DEVICE_FAMILY = "1,2";
				TEST_HOST = "$(BUILT_PRODUCTS_DIR)/PillReminderView.app/$(BUNDLE_EXECUTABLE_FOLDER_PATH)/PillReminderView";
			};
			name = Release;
		};
		C95A246429DCB36C00E318DC /* Debug */ = {
			isa = XCBuildConfiguration;
			buildSettings = {
				ALWAYS_EMBED_SWIFT_STANDARD_LIBRARIES = YES;
				CODE_SIGN_STYLE = Automatic;
				CURRENT_PROJECT_VERSION = 1;
				DEVELOPMENT_TEAM = 8DL4P63RSM;
				GENERATE_INFOPLIST_FILE = YES;
				MARKETING_VERSION = 1.0;
				PRODUCT_BUNDLE_IDENTIFIER = Narada.PillReminderViewUITests;
				PRODUCT_NAME = "$(TARGET_NAME)";
				SWIFT_EMIT_LOC_STRINGS = NO;
				SWIFT_VERSION = 5.0;
				TARGETED_DEVICE_FAMILY = "1,2";
				TEST_TARGET_NAME = PillReminderView;
			};
			name = Debug;
		};
		C95A246529DCB36C00E318DC /* Release */ = {
			isa = XCBuildConfiguration;
			buildSettings = {
				ALWAYS_EMBED_SWIFT_STANDARD_LIBRARIES = YES;
				CODE_SIGN_STYLE = Automatic;
				CURRENT_PROJECT_VERSION = 1;
				DEVELOPMENT_TEAM = 8DL4P63RSM;
				GENERATE_INFOPLIST_FILE = YES;
				MARKETING_VERSION = 1.0;
				PRODUCT_BUNDLE_IDENTIFIER = Narada.PillReminderViewUITests;
				PRODUCT_NAME = "$(TARGET_NAME)";
				SWIFT_EMIT_LOC_STRINGS = NO;
				SWIFT_VERSION = 5.0;
				TARGETED_DEVICE_FAMILY = "1,2";
				TEST_TARGET_NAME = PillReminderView;
			};
			name = Release;
		};
/* End XCBuildConfiguration section */

/* Begin XCConfigurationList section */
		C95A243429DCB36A00E318DC /* Build configuration list for PBXProject "PillReminderView" */ = {
			isa = XCConfigurationList;
			buildConfigurations = (
				C95A245B29DCB36C00E318DC /* Debug */,
				C95A245C29DCB36C00E318DC /* Release */,
			);
			defaultConfigurationIsVisible = 0;
			defaultConfigurationName = Release;
		};
		C95A245D29DCB36C00E318DC /* Build configuration list for PBXNativeTarget "PillReminderView" */ = {
			isa = XCConfigurationList;
			buildConfigurations = (
				C95A245E29DCB36C00E318DC /* Debug */,
				C95A245F29DCB36C00E318DC /* Release */,
			);
			defaultConfigurationIsVisible = 0;
			defaultConfigurationName = Release;
		};
		C95A246029DCB36C00E318DC /* Build configuration list for PBXNativeTarget "PillReminderViewTests" */ = {
			isa = XCConfigurationList;
			buildConfigurations = (
				C95A246129DCB36C00E318DC /* Debug */,
				C95A246229DCB36C00E318DC /* Release */,
			);
			defaultConfigurationIsVisible = 0;
			defaultConfigurationName = Release;
		};
		C95A246329DCB36C00E318DC /* Build configuration list for PBXNativeTarget "PillReminderViewUITests" */ = {
			isa = XCConfigurationList;
			buildConfigurations = (
				C95A246429DCB36C00E318DC /* Debug */,
				C95A246529DCB36C00E318DC /* Release */,
			);
			defaultConfigurationIsVisible = 0;
			defaultConfigurationName = Release;
		};
/* End XCConfigurationList section */
	};
	rootObject = C95A243129DCB36A00E318DC /* Project object */;
}
